
Microsoft Visual Studio Solution File, Format Version 12.00
# Visual Studio Version 17
VisualStudioVersion = 17.12.35707.178
MinimumVisualStudioVersion = 10.0.40219.1
Project("{FAE04EC0-301F-11D3-BF4B-00C04F79EFBC}") = "BPSR-ZDPSLib", "BPSR-DeepsLib\BPSR-ZDPSLib.csproj", "{5EC38379-CC1A-4CCD-B605-2811FCA0E6C9}"
EndProject
Project("{FAE04EC0-301F-11D3-BF4B-00C04F79EFBC}") = "BPSR-ZDPS", "BPSR-ZDPS\BPSR-ZDPS.csproj", "{84A6F172-D569-4E57-AD28-542059FE8D34}"
EndProject
Project("{FAE04EC0-301F-11D3-BF4B-00C04F79EFBC}") = "BPSR-ZDPSServ", "BPSR-DeepsServ\BPSR-ZDPSServ.csproj", "{DD439C66-4F9D-462C-9404-2D91C4CE10A4}"
EndProject
Global
	GlobalSection(SolutionConfigurationPlatforms) = preSolution
		Debug|Any CPU = Debug|Any CPU
		Release|Any CPU = Release|Any CPU
	EndGlobalSection
	GlobalSection(ProjectConfigurationPlatforms) = postSolution
		{5EC38379-CC1A-4CCD-B605-2811FCA0E6C9}.Debug|Any CPU.ActiveCfg = Debug|Any CPU
		{5EC38379-CC1A-4CCD-B605-2811FCA0E6C9}.Debug|Any CPU.Build.0 = Debug|Any CPU
		{5EC38379-CC1A-4CCD-B605-2811FCA0E6C9}.Release|Any CPU.ActiveCfg = Release|Any CPU
		{5EC38379-CC1A-4CCD-B605-2811FCA0E6C9}.Release|Any CPU.Build.0 = Release|Any CPU
		{84A6F172-D569-4E57-AD28-542059FE8D34}.Debug|Any CPU.ActiveCfg = Debug|Any CPU
		{84A6F172-D569-4E57-AD28-542059FE8D34}.Debug|Any CPU.Build.0 = Debug|Any CPU
		{84A6F172-D569-4E57-AD28-542059FE8D34}.Release|Any CPU.ActiveCfg = Release|Any CPU
		{84A6F172-D569-4E57-AD28-542059FE8D34}.Release|Any CPU.Build.0 = Release|Any CPU
		{DD439C66-4F9D-462C-9404-2D91C4CE10A4}.Debug|Any CPU.ActiveCfg = Debug|Any CPU
		{DD439C66-4F9D-462C-9404-2D91C4CE10A4}.Debug|Any CPU.Build.0 = Debug|Any CPU
		{DD439C66-4F9D-462C-9404-2D91C4CE10A4}.Release|Any CPU.ActiveCfg = Release|Any CPU
		{DD439C66-4F9D-462C-9404-2D91C4CE10A4}.Release|Any CPU.Build.0 = Release|Any CPU
	EndGlobalSection
	GlobalSection(SolutionProperties) = preSolution
		HideSolutionNode = FALSE
	EndGlobalSection
	GlobalSection(ExtensibilityGlobals) = postSolution
		SolutionGuid = {87DC5630-A1E2-48D5-A7B6-54097F15535D}
	EndGlobalSection
EndGlobal
